{
  "requires": true,
  "lockfileVersion": 1,
  "dependencies": {
    "nipplejs": {
      "version": "0.8.3",
      "resolved": "https://registry.npmjs.org/nipplejs/-/nipplejs-0.8.3.tgz",
      "integrity": "sha512-siHdHnxrCTf8Sa3aoQmNpIJNUmGngcG5enAxKMuwwmLTsEDFg3H1FMBGB0gWb+N27ji5CD+Rv+IXVVty09Gl0g=="
    }
  }
}
